
Microsoft Visual Studio Solution File, Format Version 12.00
# Visual Studio Version 16
VisualStudioVersion = 16.0.29411.108
MinimumVisualStudioVersion = 10.0.40219.1
Project("{FAE04EC0-301F-11D3-BF4B-00C04F79EFBC}") = "VerificationBot", "VerificationBot.csproj", "{91DEF6F9-3BE0-4A4A-9105-130ED683EF29}"
EndProject
Global
	GlobalSection(SolutionConfigurationPlatforms) = preSolution
		Debug|Any CPU = Debug|Any CPU
		Release|Any CPU = Release|Any CPU
	EndGlobalSection
	GlobalSection(ProjectConfigurationPlatforms) = postSolution
		{91DEF6F9-3BE0-4A4A-9105-130ED683EF29}.Debug|Any CPU.ActiveCfg = Debug|Any CPU
		{91DEF6F9-3BE0-4A4A-9105-130ED683EF29}.Debug|Any CPU.Build.0 = Debug|Any CPU
		{91DEF6F9-3BE0-4A4A-9105-130ED683EF29}.Release|Any CPU.ActiveCfg = Release|Any CPU
		{91DEF6F9-3BE0-4A4A-9105-130ED683EF29}.Release|Any CPU.Build.0 = Release|Any CPU
	EndGlobalSection
	GlobalSection(SolutionProperties) = preSolution
		HideSolutionNode = FALSE
	EndGlobalSection
	GlobalSection(ExtensibilityGlobals) = postSolution
		SolutionGuid = {14E264E2-F67D-41E4-B6A2-F716E922DB8D}
	EndGlobalSection
EndGlobal
